
Microsoft Visual Studio Solution File, Format Version 12.00
# Visual Studio Version 16
VisualStudioVersion = 16.0.29201.188
MinimumVisualStudioVersion = 10.0.40219.1
Project("{9A19103F-16F7-4668-BE54-9A1E7A4F7556}") = "TaskRunner", "Emap-offlinePart\TaskRunner.csproj", "{854C3E44-30C2-4065-8303-60F281733960}"
	ProjectSection(ProjectDependencies) = postProject
		{74462C02-DAE2-46F5-9F54-DD64DA81E63B} = {74462C02-DAE2-46F5-9F54-DD64DA81E63B}
		{840BD4E9-8F08-4D36-87E8-A5E84DFCB35B} = {840BD4E9-8F08-4D36-87E8-A5E84DFCB35B}
	EndProjectSection
EndProject
Project("{FAE04EC0-301F-11D3-BF4B-00C04F79EFBC}") = "Printer", "Printer\Printer.csproj", "{840BD4E9-8F08-4D36-87E8-A5E84DFCB35B}"
EndProject
Project("{FAE04EC0-301F-11D3-BF4B-00C04F79EFBC}") = "Task1Part1", "Task1\Task1Part1.csproj", "{74462C02-DAE2-46F5-9F54-DD64DA81E63B}"
EndProject
Project("{FAE04EC0-301F-11D3-BF4B-00C04F79EFBC}") = "Reader", "Reader\Reader.csproj", "{023E3261-7B05-47F4-A0D6-249E4E98A6A4}"
EndProject
Project("{FAE04EC0-301F-11D3-BF4B-00C04F79EFBC}") = "Task1Part2", "Task1Part2\Task1Part2.csproj", "{8BEF6F79-7457-4D9D-8F14-3979EA5012FB}"
EndProject
Project("{FAE04EC0-301F-11D3-BF4B-00C04F79EFBC}") = "Task2 Exceptions", "Task2 Exceptions\Task2 Exceptions.csproj", "{33EF87C0-DBC5-4A53-9459-26643B5F7D4F}"
EndProject
Project("{FAE04EC0-301F-11D3-BF4B-00C04F79EFBC}") = "Task3", "Task3\Task3.csproj", "{7FA21388-6428-4D59-97D0-55D5FFF169F2}"
EndProject
Project("{FAE04EC0-301F-11D3-BF4B-00C04F79EFBC}") = "Task4", "Task4\Task4.csproj", "{752B44FB-7B9C-421B-AD69-C876242426CC}"
EndProject
Project("{FAE04EC0-301F-11D3-BF4B-00C04F79EFBC}") = "Task5", "Task5\Task5.csproj", "{4C70A34E-3532-4A63-946C-809DFFBBC3FC}"
EndProject
Project("{FAE04EC0-301F-11D3-BF4B-00C04F79EFBC}") = "Logger", "Logger\Logger.csproj", "{EFD778AF-B5C1-458C-864D-12D0DA2313A7}"
EndProject
Project("{FAE04EC0-301F-11D3-BF4B-00C04F79EFBC}") = "Task6", "Task6\Task6.csproj", "{14699CE4-C8A6-488E-86C5-F122819A9260}"
EndProject
Project("{FAE04EC0-301F-11D3-BF4B-00C04F79EFBC}") = "TaskFromSkype1Variant2", "TaskFromSkype1Variant2\TaskFromSkype1Variant2.csproj", "{5228DCCE-A5DF-4B0D-9044-CA8882E1D756}"
EndProject
Global
	GlobalSection(SolutionConfigurationPlatforms) = preSolution
		Debug|Any CPU = Debug|Any CPU
		Release|Any CPU = Release|Any CPU
	EndGlobalSection
	GlobalSection(ProjectConfigurationPlatforms) = postSolution
		{854C3E44-30C2-4065-8303-60F281733960}.Debug|Any CPU.ActiveCfg = Debug|Any CPU
		{854C3E44-30C2-4065-8303-60F281733960}.Debug|Any CPU.Build.0 = Debug|Any CPU
		{854C3E44-30C2-4065-8303-60F281733960}.Release|Any CPU.ActiveCfg = Release|Any CPU
		{854C3E44-30C2-4065-8303-60F281733960}.Release|Any CPU.Build.0 = Release|Any CPU
		{840BD4E9-8F08-4D36-87E8-A5E84DFCB35B}.Debug|Any CPU.ActiveCfg = Debug|Any CPU
		{840BD4E9-8F08-4D36-87E8-A5E84DFCB35B}.Debug|Any CPU.Build.0 = Debug|Any CPU
		{840BD4E9-8F08-4D36-87E8-A5E84DFCB35B}.Release|Any CPU.ActiveCfg = Release|Any CPU
		{840BD4E9-8F08-4D36-87E8-A5E84DFCB35B}.Release|Any CPU.Build.0 = Release|Any CPU
		{74462C02-DAE2-46F5-9F54-DD64DA81E63B}.Debug|Any CPU.ActiveCfg = Debug|Any CPU
		{74462C02-DAE2-46F5-9F54-DD64DA81E63B}.Debug|Any CPU.Build.0 = Debug|Any CPU
		{74462C02-DAE2-46F5-9F54-DD64DA81E63B}.Release|Any CPU.ActiveCfg = Release|Any CPU
		{74462C02-DAE2-46F5-9F54-DD64DA81E63B}.Release|Any CPU.Build.0 = Release|Any CPU
		{023E3261-7B05-47F4-A0D6-249E4E98A6A4}.Debug|Any CPU.ActiveCfg = Debug|Any CPU
		{023E3261-7B05-47F4-A0D6-249E4E98A6A4}.Debug|Any CPU.Build.0 = Debug|Any CPU
		{023E3261-7B05-47F4-A0D6-249E4E98A6A4}.Release|Any CPU.ActiveCfg = Release|Any CPU
		{023E3261-7B05-47F4-A0D6-249E4E98A6A4}.Release|Any CPU.Build.0 = Release|Any CPU
		{8BEF6F79-7457-4D9D-8F14-3979EA5012FB}.Debug|Any CPU.ActiveCfg = Debug|Any CPU
		{8BEF6F79-7457-4D9D-8F14-3979EA5012FB}.Debug|Any CPU.Build.0 = Debug|Any CPU
		{8BEF6F79-7457-4D9D-8F14-3979EA5012FB}.Release|Any CPU.ActiveCfg = Release|Any CPU
		{8BEF6F79-7457-4D9D-8F14-3979EA5012FB}.Release|Any CPU.Build.0 = Release|Any CPU
		{33EF87C0-DBC5-4A53-9459-26643B5F7D4F}.Debug|Any CPU.ActiveCfg = Debug|Any CPU
		{33EF87C0-DBC5-4A53-9459-26643B5F7D4F}.Debug|Any CPU.Build.0 = Debug|Any CPU
		{33EF87C0-DBC5-4A53-9459-26643B5F7D4F}.Release|Any CPU.ActiveCfg = Release|Any CPU
		{33EF87C0-DBC5-4A53-9459-26643B5F7D4F}.Release|Any CPU.Build.0 = Release|Any CPU
		{7FA21388-6428-4D59-97D0-55D5FFF169F2}.Debug|Any CPU.ActiveCfg = Debug|Any CPU
		{7FA21388-6428-4D59-97D0-55D5FFF169F2}.Debug|Any CPU.Build.0 = Debug|Any CPU
		{7FA21388-6428-4D59-97D0-55D5FFF169F2}.Release|Any CPU.ActiveCfg = Release|Any CPU
		{7FA21388-6428-4D59-97D0-55D5FFF169F2}.Release|Any CPU.Build.0 = Release|Any CPU
		{752B44FB-7B9C-421B-AD69-C876242426CC}.Debug|Any CPU.ActiveCfg = Debug|Any CPU
		{752B44FB-7B9C-421B-AD69-C876242426CC}.Debug|Any CPU.Build.0 = Debug|Any CPU
		{752B44FB-7B9C-421B-AD69-C876242426CC}.Release|Any CPU.ActiveCfg = Release|Any CPU
		{752B44FB-7B9C-421B-AD69-C876242426CC}.Release|Any CPU.Build.0 = Release|Any CPU
		{4C70A34E-3532-4A63-946C-809DFFBBC3FC}.Debug|Any CPU.ActiveCfg = Debug|Any CPU
		{4C70A34E-3532-4A63-946C-809DFFBBC3FC}.Debug|Any CPU.Build.0 = Debug|Any CPU
		{4C70A34E-3532-4A63-946C-809DFFBBC3FC}.Release|Any CPU.ActiveCfg = Release|Any CPU
		{4C70A34E-3532-4A63-946C-809DFFBBC3FC}.Release|Any CPU.Build.0 = Release|Any CPU
		{EFD778AF-B5C1-458C-864D-12D0DA2313A7}.Debug|Any CPU.ActiveCfg = Debug|Any CPU
		{EFD778AF-B5C1-458C-864D-12D0DA2313A7}.Debug|Any CPU.Build.0 = Debug|Any CPU
		{EFD778AF-B5C1-458C-864D-12D0DA2313A7}.Release|Any CPU.ActiveCfg = Release|Any CPU
		{EFD778AF-B5C1-458C-864D-12D0DA2313A7}.Release|Any CPU.Build.0 = Release|Any CPU
		{14699CE4-C8A6-488E-86C5-F122819A9260}.Debug|Any CPU.ActiveCfg = Debug|Any CPU
		{14699CE4-C8A6-488E-86C5-F122819A9260}.Debug|Any CPU.Build.0 = Debug|Any CPU
		{14699CE4-C8A6-488E-86C5-F122819A9260}.Release|Any CPU.ActiveCfg = Release|Any CPU
		{14699CE4-C8A6-488E-86C5-F122819A9260}.Release|Any CPU.Build.0 = Release|Any CPU
		{5228DCCE-A5DF-4B0D-9044-CA8882E1D756}.Debug|Any CPU.ActiveCfg = Debug|Any CPU
		{5228DCCE-A5DF-4B0D-9044-CA8882E1D756}.Debug|Any CPU.Build.0 = Debug|Any CPU
		{5228DCCE-A5DF-4B0D-9044-CA8882E1D756}.Release|Any CPU.ActiveCfg = Release|Any CPU
		{5228DCCE-A5DF-4B0D-9044-CA8882E1D756}.Release|Any CPU.Build.0 = Release|Any CPU
	EndGlobalSection
	GlobalSection(SolutionProperties) = preSolution
		HideSolutionNode = FALSE
	EndGlobalSection
	GlobalSection(ExtensibilityGlobals) = postSolution
		SolutionGuid = {93371175-2C84-4FFD-B54C-DF02ED2D0CC6}
	EndGlobalSection
EndGlobal
